
Microsoft Visual Studio Solution File, Format Version 12.00
# Visual Studio Version 17
VisualStudioVersion = 17.3.32825.248
MinimumVisualStudioVersion = 10.0.40219.1
Project("{FAE04EC0-301F-11D3-BF4B-00C04F79EFBC}") = "HowToFixMyServer", "HowToFixMyServer\HowToFixMyServer.csproj", "{95F68F26-9ED0-42BD-B392-747F54F677CB}"
EndProject
Global
	GlobalSection(SolutionConfigurationPlatforms) = preSolution
		Debug|Any CPU = Debug|Any CPU
		Release|Any CPU = Release|Any CPU
	EndGlobalSection
	GlobalSection(ProjectConfigurationPlatforms) = postSolution
		{95F68F26-9ED0-42BD-B392-747F54F677CB}.Debug|Any CPU.ActiveCfg = Debug|Any CPU
		{95F68F26-9ED0-42BD-B392-747F54F677CB}.Debug|Any CPU.Build.0 = Debug|Any CPU
		{95F68F26-9ED0-42BD-B392-747F54F677CB}.Release|Any CPU.ActiveCfg = Release|Any CPU
		{95F68F26-9ED0-42BD-B392-747F54F677CB}.Release|Any CPU.Build.0 = Release|Any CPU
	EndGlobalSection
	GlobalSection(SolutionProperties) = preSolution
		HideSolutionNode = FALSE
	EndGlobalSection
	GlobalSection(ExtensibilityGlobals) = postSolution
		SolutionGuid = {A5D05EE7-44AE-4A9D-A0DF-7FD888B21CD0}
	EndGlobalSection
EndGlobal
